
Microsoft Visual Studio Solution File, Format Version 12.00
# Visual Studio Version 17
VisualStudioVersion = 17.13.35931.197
MinimumVisualStudioVersion = 10.0.40219.1
Project("{FAE04EC0-301F-11D3-BF4B-00C04F79EFBC}") = "AssemblyDependencyAnalyser", "DependencyAnalyser\AssemblyDependencyAnalyser.csproj", "{B9B87CB9-3C12-4EC1-B4CC-A34EF1A48957}"
EndProject
Project("{FAE04EC0-301F-11D3-BF4B-00C04F79EFBC}") = "DependencyAnalysisTests", "DependencyAnalysisTests\DependencyAnalysisTests.csproj", "{E85A79FD-AB46-4EA2-B82C-6B883431D9C1}"
EndProject
Global
	GlobalSection(SolutionConfigurationPlatforms) = preSolution
		Debug|Any CPU = Debug|Any CPU
		Debug|x64 = Debug|x64
		Debug|x86 = Debug|x86
		Release|Any CPU = Release|Any CPU
		Release|x64 = Release|x64
		Release|x86 = Release|x86
	EndGlobalSection
	GlobalSection(ProjectConfigurationPlatforms) = postSolution
		{B9B87CB9-3C12-4EC1-B4CC-A34EF1A48957}.Debug|Any CPU.ActiveCfg = Debug|Any CPU
		{B9B87CB9-3C12-4EC1-B4CC-A34EF1A48957}.Debug|Any CPU.Build.0 = Debug|Any CPU
		{B9B87CB9-3C12-4EC1-B4CC-A34EF1A48957}.Debug|x64.ActiveCfg = Debug|Any CPU
		{B9B87CB9-3C12-4EC1-B4CC-A34EF1A48957}.Debug|x64.Build.0 = Debug|Any CPU
		{B9B87CB9-3C12-4EC1-B4CC-A34EF1A48957}.Debug|x86.ActiveCfg = Debug|Any CPU
		{B9B87CB9-3C12-4EC1-B4CC-A34EF1A48957}.Debug|x86.Build.0 = Debug|Any CPU
		{B9B87CB9-3C12-4EC1-B4CC-A34EF1A48957}.Release|Any CPU.ActiveCfg = Release|Any CPU
		{B9B87CB9-3C12-4EC1-B4CC-A34EF1A48957}.Release|Any CPU.Build.0 = Release|Any CPU
		{B9B87CB9-3C12-4EC1-B4CC-A34EF1A48957}.Release|x64.ActiveCfg = Release|Any CPU
		{B9B87CB9-3C12-4EC1-B4CC-A34EF1A48957}.Release|x64.Build.0 = Release|Any CPU
		{B9B87CB9-3C12-4EC1-B4CC-A34EF1A48957}.Release|x86.ActiveCfg = Release|Any CPU
		{B9B87CB9-3C12-4EC1-B4CC-A34EF1A48957}.Release|x86.Build.0 = Release|Any CPU
		{E85A79FD-AB46-4EA2-B82C-6B883431D9C1}.Debug|Any CPU.ActiveCfg = Debug|Any CPU
		{E85A79FD-AB46-4EA2-B82C-6B883431D9C1}.Debug|Any CPU.Build.0 = Debug|Any CPU
		{E85A79FD-AB46-4EA2-B82C-6B883431D9C1}.Debug|x64.ActiveCfg = Debug|Any CPU
		{E85A79FD-AB46-4EA2-B82C-6B883431D9C1}.Debug|x64.Build.0 = Debug|Any CPU
		{E85A79FD-AB46-4EA2-B82C-6B883431D9C1}.Debug|x86.ActiveCfg = Debug|Any CPU
		{E85A79FD-AB46-4EA2-B82C-6B883431D9C1}.Debug|x86.Build.0 = Debug|Any CPU
		{E85A79FD-AB46-4EA2-B82C-6B883431D9C1}.Release|Any CPU.ActiveCfg = Release|Any CPU
		{E85A79FD-AB46-4EA2-B82C-6B883431D9C1}.Release|Any CPU.Build.0 = Release|Any CPU
		{E85A79FD-AB46-4EA2-B82C-6B883431D9C1}.Release|x64.ActiveCfg = Release|Any CPU
		{E85A79FD-AB46-4EA2-B82C-6B883431D9C1}.Release|x64.Build.0 = Release|Any CPU
		{E85A79FD-AB46-4EA2-B82C-6B883431D9C1}.Release|x86.ActiveCfg = Release|Any CPU
		{E85A79FD-AB46-4EA2-B82C-6B883431D9C1}.Release|x86.Build.0 = Release|Any CPU
	EndGlobalSection
	GlobalSection(SolutionProperties) = preSolution
		HideSolutionNode = FALSE
	EndGlobalSection
	GlobalSection(ExtensibilityGlobals) = postSolution
		SolutionGuid = {F8242F6C-EFFD-4816-B6ED-4552293C1680}
	EndGlobalSection
EndGlobal
