
Microsoft Visual Studio Solution File, Format Version 12.00
# Visual Studio Version 17
VisualStudioVersion = 17.14.36717.8
MinimumVisualStudioVersion = 10.0.40219.1
Project("{FAE04EC0-301F-11D3-BF4B-00C04F79EFBC}") = "ClipboardTestExt", "ClipboardTestExt\ClipboardTestExt.csproj", "{1B3EE741-85B5-43FC-8690-F1F4B937DC7C}"
EndProject
Project("{FAE04EC0-301F-11D3-BF4B-00C04F79EFBC}") = "Additional", "Additional\Additional.csproj", "{62218592-5F56-4568-9236-70AF12ED417A}"
EndProject
Global
	GlobalSection(SolutionConfigurationPlatforms) = preSolution
		Debug|Any CPU = Debug|Any CPU
		Release|Any CPU = Release|Any CPU
	EndGlobalSection
	GlobalSection(ProjectConfigurationPlatforms) = postSolution
		{1B3EE741-85B5-43FC-8690-F1F4B937DC7C}.Debug|Any CPU.ActiveCfg = Debug|Any CPU
		{1B3EE741-85B5-43FC-8690-F1F4B937DC7C}.Debug|Any CPU.Build.0 = Debug|Any CPU
		{1B3EE741-85B5-43FC-8690-F1F4B937DC7C}.Release|Any CPU.ActiveCfg = Release|Any CPU
		{1B3EE741-85B5-43FC-8690-F1F4B937DC7C}.Release|Any CPU.Build.0 = Release|Any CPU
		{62218592-5F56-4568-9236-70AF12ED417A}.Debug|Any CPU.ActiveCfg = Debug|Any CPU
		{62218592-5F56-4568-9236-70AF12ED417A}.Debug|Any CPU.Build.0 = Debug|Any CPU
		{62218592-5F56-4568-9236-70AF12ED417A}.Release|Any CPU.ActiveCfg = Release|Any CPU
		{62218592-5F56-4568-9236-70AF12ED417A}.Release|Any CPU.Build.0 = Release|Any CPU
	EndGlobalSection
	GlobalSection(SolutionProperties) = preSolution
		HideSolutionNode = FALSE
	EndGlobalSection
	GlobalSection(ExtensibilityGlobals) = postSolution
		SolutionGuid = {99A4AB1B-2923-46D5-AC50-B379C3413488}
	EndGlobalSection
EndGlobal
